// !$*UTF8*$!
{
	archiveVersion = 1;
	classes = {
	};
	objectVersion = 56;
	objects = {

/* Begin PBXBuildFile section */
		89564A8C2B0B013100BB0BA6 /* NewAssessmentView.swift in Sources */ = {isa = PBXBuildFile; fileRef = 89564A8B2B0B013100BB0BA6 /* NewAssessmentView.swift */; };
		89FD18E02B0871190054609D /* SubjectDetailView.swift in Sources */ = {isa = PBXBuildFile; fileRef = 89FD18DF2B0871190054609D /* SubjectDetailView.swift */; };
		89FD18E22B0871340054609D /* SubjectOverallView.swift in Sources */ = {isa = PBXBuildFile; fileRef = 89FD18E12B0871340054609D /* SubjectOverallView.swift */; };
		D96546992B08476D00FEA173 /* SubjectsView.swift in Sources */ = {isa = PBXBuildFile; fileRef = D96546982B08476D00FEA173 /* SubjectsView.swift */; };
		D965469B2B08478F00FEA173 /* SettingsView.swift in Sources */ = {isa = PBXBuildFile; fileRef = D965469A2B08478F00FEA173 /* SettingsView.swift */; };
		D965469D2B0847B900FEA173 /* DashboardView.swift in Sources */ = {isa = PBXBuildFile; fileRef = D965469C2B0847B900FEA173 /* DashboardView.swift */; };
		D965469F2B086D6900FEA173 /* Model.swift in Sources */ = {isa = PBXBuildFile; fileRef = D965469E2B086D6900FEA173 /* Model.swift */; };
		D96546A12B0870AE00FEA173 /* SubjectManager.swift in Sources */ = {isa = PBXBuildFile; fileRef = D96546A02B0870AE00FEA173 /* SubjectManager.swift */; };
		D976BE232B0AFD95005899C4 /* NewSubjectView.swift in Sources */ = {isa = PBXBuildFile; fileRef = D976BE222B0AFD95005899C4 /* NewSubjectView.swift */; };
		D9D44DAF2AC97FA20093096A /* AcademApp.swift in Sources */ = {isa = PBXBuildFile; fileRef = D9D44DAE2AC97FA20093096A /* AcademApp.swift */; };
		D9D44DB12AC97FA20093096A /* ContentView.swift in Sources */ = {isa = PBXBuildFile; fileRef = D9D44DB02AC97FA20093096A /* ContentView.swift */; };
		D9D44DB32AC97FA50093096A /* Assets.xcassets in Resources */ = {isa = PBXBuildFile; fileRef = D9D44DB22AC97FA50093096A /* Assets.xcassets */; };
		D9D44DB62AC97FA50093096A /* Preview Assets.xcassets in Resources */ = {isa = PBXBuildFile; fileRef = D9D44DB52AC97FA50093096A /* Preview Assets.xcassets */; };
		D9D44DC12AC97FA50093096A /* AcademTests.swift in Sources */ = {isa = PBXBuildFile; fileRef = D9D44DC02AC97FA50093096A /* AcademTests.swift */; };
		D9D44DCB2AC97FA50093096A /* AcademUITests.swift in Sources */ = {isa = PBXBuildFile; fileRef = D9D44DCA2AC97FA50093096A /* AcademUITests.swift */; };
		D9D44DCD2AC97FA50093096A /* AcademUITestsLaunchTests.swift in Sources */ = {isa = PBXBuildFile; fileRef = D9D44DCC2AC97FA50093096A /* AcademUITestsLaunchTests.swift */; };
/* End PBXBuildFile section */

/* Begin PBXContainerItemProxy section */
		D9D44DBD2AC97FA50093096A /* PBXContainerItemProxy */ = {
			isa = PBXContainerItemProxy;
			containerPortal = D9D44DA32AC97FA20093096A /* Project object */;
			proxyType = 1;
			remoteGlobalIDString = D9D44DAA2AC97FA20093096A;
			remoteInfo = Academ;
		};
		D9D44DC72AC97FA50093096A /* PBXContainerItemProxy */ = {
			isa = PBXContainerItemProxy;
			containerPortal = D9D44DA32AC97FA20093096A /* Project object */;
			proxyType = 1;
			remoteGlobalIDString = D9D44DAA2AC97FA20093096A;
			remoteInfo = Academ;
		};
/* End PBXContainerItemProxy section */

/* Begin PBXFileReference section */
		89564A8B2B0B013100BB0BA6 /* NewAssessmentView.swift */ = {isa = PBXFileReference; lastKnownFileType = sourcecode.swift; path = NewAssessmentView.swift; sourceTree = "<group>"; };
		89FD18DF2B0871190054609D /* SubjectDetailView.swift */ = {isa = PBXFileReference; lastKnownFileType = sourcecode.swift; path = SubjectDetailView.swift; sourceTree = "<group>"; };
		89FD18E12B0871340054609D /* SubjectOverallView.swift */ = {isa = PBXFileReference; lastKnownFileType = sourcecode.swift; path = SubjectOverallView.swift; sourceTree = "<group>"; };
		D96546982B08476D00FEA173 /* SubjectsView.swift */ = {isa = PBXFileReference; lastKnownFileType = sourcecode.swift; path = SubjectsView.swift; sourceTree = "<group>"; };
		D965469A2B08478F00FEA173 /* SettingsView.swift */ = {isa = PBXFileReference; lastKnownFileType = sourcecode.swift; path = SettingsView.swift; sourceTree = "<group>"; };
		D965469C2B0847B900FEA173 /* DashboardView.swift */ = {isa = PBXFileReference; lastKnownFileType = sourcecode.swift; path = DashboardView.swift; sourceTree = "<group>"; };
		D965469E2B086D6900FEA173 /* Model.swift */ = {isa = PBXFileReference; lastKnownFileType = sourcecode.swift; path = Model.swift; sourceTree = "<group>"; };
		D96546A02B0870AE00FEA173 /* SubjectManager.swift */ = {isa = PBXFileReference; lastKnownFileType = sourcecode.swift; path = SubjectManager.swift; sourceTree = "<group>"; };
		D976BE222B0AFD95005899C4 /* NewSubjectView.swift */ = {isa = PBXFileReference; lastKnownFileType = sourcecode.swift; path = NewSubjectView.swift; sourceTree = "<group>"; };
		D9D44DAB2AC97FA20093096A /* Academ.app */ = {isa = PBXFileReference; explicitFileType = wrapper.application; includeInIndex = 0; path = Academ.app; sourceTree = BUILT_PRODUCTS_DIR; };
		D9D44DAE2AC97FA20093096A /* AcademApp.swift */ = {isa = PBXFileReference; lastKnownFileType = sourcecode.swift; path = AcademApp.swift; sourceTree = "<group>"; };
		D9D44DB02AC97FA20093096A /* ContentView.swift */ = {isa = PBXFileReference; lastKnownFileType = sourcecode.swift; path = ContentView.swift; sourceTree = "<group>"; };
		D9D44DB22AC97FA50093096A /* Assets.xcassets */ = {isa = PBXFileReference; lastKnownFileType = folder.assetcatalog; path = Assets.xcassets; sourceTree = "<group>"; };
		D9D44DB52AC97FA50093096A /* Preview Assets.xcassets */ = {isa = PBXFileReference; lastKnownFileType = folder.assetcatalog; path = "Preview Assets.xcassets"; sourceTree = "<group>"; };
		D9D44DB72AC97FA50093096A /* Academ.entitlements */ = {isa = PBXFileReference; lastKnownFileType = text.plist.entitlements; path = Academ.entitlements; sourceTree = "<group>"; };
		D9D44DBC2AC97FA50093096A /* AcademTests.xctest */ = {isa = PBXFileReference; explicitFileType = wrapper.cfbundle; includeInIndex = 0; path = AcademTests.xctest; sourceTree = BUILT_PRODUCTS_DIR; };
		D9D44DC02AC97FA50093096A /* AcademTests.swift */ = {isa = PBXFileReference; lastKnownFileType = sourcecode.swift; path = AcademTests.swift; sourceTree = "<group>"; };
		D9D44DC62AC97FA50093096A /* AcademUITests.xctest */ = {isa = PBXFileReference; explicitFileType = wrapper.cfbundle; includeInIndex = 0; path = AcademUITests.xctest; sourceTree = BUILT_PRODUCTS_DIR; };
		D9D44DCA2AC97FA50093096A /* AcademUITests.swift */ = {isa = PBXFileReference; lastKnownFileType = sourcecode.swift; path = AcademUITests.swift; sourceTree = "<group>"; };
		D9D44DCC2AC97FA50093096A /* AcademUITestsLaunchTests.swift */ = {isa = PBXFileReference; lastKnownFileType = sourcecode.swift; path = AcademUITestsLaunchTests.swift; sourceTree = "<group>"; };
/* End PBXFileReference section */

/* Begin PBXFrameworksBuildPhase section */
		D9D44DA82AC97FA20093096A /* Frameworks */ = {
			isa = PBXFrameworksBuildPhase;
			buildActionMask = 2147483647;
			files = (
			);
			runOnlyForDeploymentPostprocessing = 0;
		};
		D9D44DB92AC97FA50093096A /* Frameworks */ = {
			isa = PBXFrameworksBuildPhase;
			buildActionMask = 2147483647;
			files = (
			);
			runOnlyForDeploymentPostprocessing = 0;
		};
		D9D44DC32AC97FA50093096A /* Frameworks */ = {
			isa = PBXFrameworksBuildPhase;
			buildActionMask = 2147483647;
			files = (
			);
			runOnlyForDeploymentPostprocessing = 0;
		};
/* End PBXFrameworksBuildPhase section */

/* Begin PBXGroup section */
		89FD18E32B0871970054609D /* Subject-stuff */ = {
			isa = PBXGroup;
			children = (
				D96546982B08476D00FEA173 /* SubjectsView.swift */,
				D976BE222B0AFD95005899C4 /* NewSubjectView.swift */,
				89FD18DF2B0871190054609D /* SubjectDetailView.swift */,
				89564A8B2B0B013100BB0BA6 /* NewAssessmentView.swift */,
				89FD18E12B0871340054609D /* SubjectOverallView.swift */,
				D96546A02B0870AE00FEA173 /* SubjectManager.swift */,
			);
			path = "Subject-stuff";
			sourceTree = "<group>";
		};
		D9D44DA22AC97FA20093096A = {
			isa = PBXGroup;
			children = (
				D9D44DAD2AC97FA20093096A /* Academ */,
				D9D44DBF2AC97FA50093096A /* AcademTests */,
				D9D44DC92AC97FA50093096A /* AcademUITests */,
				D9D44DAC2AC97FA20093096A /* Products */,
			);
			sourceTree = "<group>";
		};
		D9D44DAC2AC97FA20093096A /* Products */ = {
			isa = PBXGroup;
			children = (
				D9D44DAB2AC97FA20093096A /* Academ.app */,
				D9D44DBC2AC97FA50093096A /* AcademTests.xctest */,
				D9D44DC62AC97FA50093096A /* AcademUITests.xctest */,
			);
			name = Products;
			sourceTree = "<group>";
		};
		D9D44DAD2AC97FA20093096A /* Academ */ = {
			isa = PBXGroup;
			children = (
				D9D44DAE2AC97FA20093096A /* AcademApp.swift */,
				D965469E2B086D6900FEA173 /* Model.swift */,
				D9D44DB02AC97FA20093096A /* ContentView.swift */,
				D965469A2B08478F00FEA173 /* SettingsView.swift */,
				D965469C2B0847B900FEA173 /* DashboardView.swift */,
				89FD18E32B0871970054609D /* Subject-stuff */,
				D9D44DB22AC97FA50093096A /* Assets.xcassets */,
				D9D44DB72AC97FA50093096A /* Academ.entitlements */,
				D9D44DB42AC97FA50093096A /* Preview Content */,
			);
			path = Academ;
			sourceTree = "<group>";
		};
		D9D44DB42AC97FA50093096A /* Preview Content */ = {
			isa = PBXGroup;
			children = (
				D9D44DB52AC97FA50093096A /* Preview Assets.xcassets */,
			);
			path = "Preview Content";
			sourceTree = "<group>";
		};
		D9D44DBF2AC97FA50093096A /* AcademTests */ = {
			isa = PBXGroup;
			children = (
				D9D44DC02AC97FA50093096A /* AcademTests.swift */,
			);
			path = AcademTests;
			sourceTree = "<group>";
		};
		D9D44DC92AC97FA50093096A /* AcademUITests */ = {
			isa = PBXGroup;
			children = (
				D9D44DCA2AC97FA50093096A /* AcademUITests.swift */,
				D9D44DCC2AC97FA50093096A /* AcademUITestsLaunchTests.swift */,
			);
			path = AcademUITests;
			sourceTree = "<group>";
		};
/* End PBXGroup section */

/* Begin PBXNativeTarget section */
		D9D44DAA2AC97FA20093096A /* Academ */ = {
			isa = PBXNativeTarget;
			buildConfigurationList = D9D44DD02AC97FA60093096A /* Build configuration list for PBXNativeTarget "Academ" */;
			buildPhases = (
				D9D44DA72AC97FA20093096A /* Sources */,
				D9D44DA82AC97FA20093096A /* Frameworks */,
				D9D44DA92AC97FA20093096A /* Resources */,
			);
			buildRules = (
			);
			dependencies = (
			);
			name = Academ;
			productName = Academ;
			productReference = D9D44DAB2AC97FA20093096A /* Academ.app */;
			productType = "com.apple.product-type.application";
		};
		D9D44DBB2AC97FA50093096A /* AcademTests */ = {
			isa = PBXNativeTarget;
			buildConfigurationList = D9D44DD32AC97FA60093096A /* Build configuration list for PBXNativeTarget "AcademTests" */;
			buildPhases = (
				D9D44DB82AC97FA50093096A /* Sources */,
				D9D44DB92AC97FA50093096A /* Frameworks */,
				D9D44DBA2AC97FA50093096A /* Resources */,
			);
			buildRules = (
			);
			dependencies = (
				D9D44DBE2AC97FA50093096A /* PBXTargetDependency */,
			);
			name = AcademTests;
			productName = AcademTests;
			productReference = D9D44DBC2AC97FA50093096A /* AcademTests.xctest */;
			productType = "com.apple.product-type.bundle.unit-test";
		};
		D9D44DC52AC97FA50093096A /* AcademUITests */ = {
			isa = PBXNativeTarget;
			buildConfigurationList = D9D44DD62AC97FA60093096A /* Build configuration list for PBXNativeTarget "AcademUITests" */;
			buildPhases = (
				D9D44DC22AC97FA50093096A /* Sources */,
				D9D44DC32AC97FA50093096A /* Frameworks */,
				D9D44DC42AC97FA50093096A /* Resources */,
			);
			buildRules = (
			);
			dependencies = (
				D9D44DC82AC97FA50093096A /* PBXTargetDependency */,
			);
			name = AcademUITests;
			productName = AcademUITests;
			productReference = D9D44DC62AC97FA50093096A /* AcademUITests.xctest */;
			productType = "com.apple.product-type.bundle.ui-testing";
		};
/* End PBXNativeTarget section */

/* Begin PBXProject section */
		D9D44DA32AC97FA20093096A /* Project object */ = {
			isa = PBXProject;
			attributes = {
				BuildIndependentTargetsInParallel = 1;
				LastSwiftUpdateCheck = 1420;
				LastUpgradeCheck = 1430;
				TargetAttributes = {
					D9D44DAA2AC97FA20093096A = {
						CreatedOnToolsVersion = 14.2;
					};
					D9D44DBB2AC97FA50093096A = {
						CreatedOnToolsVersion = 14.2;
						TestTargetID = D9D44DAA2AC97FA20093096A;
					};
					D9D44DC52AC97FA50093096A = {
						CreatedOnToolsVersion = 14.2;
						TestTargetID = D9D44DAA2AC97FA20093096A;
					};
				};
			};
			buildConfigurationList = D9D44DA62AC97FA20093096A /* Build configuration list for PBXProject "Academ" */;
			compatibilityVersion = "Xcode 14.0";
			developmentRegion = en;
			hasScannedForEncodings = 0;
			knownRegions = (
				en,
				Base,
			);
			mainGroup = D9D44DA22AC97FA20093096A;
			productRefGroup = D9D44DAC2AC97FA20093096A /* Products */;
			projectDirPath = "";
			projectRoot = "";
			targets = (
				D9D44DAA2AC97FA20093096A /* Academ */,
				D9D44DBB2AC97FA50093096A /* AcademTests */,
				D9D44DC52AC97FA50093096A /* AcademUITests */,
			);
		};
/* End PBXProject section */

/* Begin PBXResourcesBuildPhase section */
		D9D44DA92AC97FA20093096A /* Resources */ = {
			isa = PBXResourcesBuildPhase;
			buildActionMask = 2147483647;
			files = (
				D9D44DB62AC97FA50093096A /* Preview Assets.xcassets in Resources */,
				D9D44DB32AC97FA50093096A /* Assets.xcassets in Resources */,
			);
			runOnlyForDeploymentPostprocessing = 0;
		};
		D9D44DBA2AC97FA50093096A /* Resources */ = {
			isa = PBXResourcesBuildPhase;
			buildActionMask = 2147483647;
			files = (
			);
			runOnlyForDeploymentPostprocessing = 0;
		};
		D9D44DC42AC97FA50093096A /* Resources */ = {
			isa = PBXResourcesBuildPhase;
			buildActionMask = 2147483647;
			files = (
			);
			runOnlyForDeploymentPostprocessing = 0;
		};
/* End PBXResourcesBuildPhase section */

/* Begin PBXSourcesBuildPhase section */
		D9D44DA72AC97FA20093096A /* Sources */ = {
			isa = PBXSourcesBuildPhase;
			buildActionMask = 2147483647;
			files = (
				D9D44DB12AC97FA20093096A /* ContentView.swift in Sources */,
				89FD18E02B0871190054609D /* SubjectDetailView.swift in Sources */,
				D976BE232B0AFD95005899C4 /* NewSubjectView.swift in Sources */,
				D965469D2B0847B900FEA173 /* DashboardView.swift in Sources */,
				89FD18E22B0871340054609D /* SubjectOverallView.swift in Sources */,
				D9D44DAF2AC97FA20093096A /* AcademApp.swift in Sources */,
				D965469F2B086D6900FEA173 /* Model.swift in Sources */,
				D96546A12B0870AE00FEA173 /* SubjectManager.swift in Sources */,
				D965469B2B08478F00FEA173 /* SettingsView.swift in Sources */,
				D96546992B08476D00FEA173 /* SubjectsView.swift in Sources */,
				89564A8C2B0B013100BB0BA6 /* NewAssessmentView.swift in Sources */,
			);
			runOnlyForDeploymentPostprocessing = 0;
		};
		D9D44DB82AC97FA50093096A /* Sources */ = {
			isa = PBXSourcesBuildPhase;
			buildActionMask = 2147483647;
			files = (
				D9D44DC12AC97FA50093096A /* AcademTests.swift in Sources */,
			);
			runOnlyForDeploymentPostprocessing = 0;
		};
		D9D44DC22AC97FA50093096A /* Sources */ = {
			isa = PBXSourcesBuildPhase;
			buildActionMask = 2147483647;
			files = (
				D9D44DCB2AC97FA50093096A /* AcademUITests.swift in Sources */,
				D9D44DCD2AC97FA50093096A /* AcademUITestsLaunchTests.swift in Sources */,
			);
			runOnlyForDeploymentPostprocessing = 0;
		};
/* End PBXSourcesBuildPhase section */

/* Begin PBXTargetDependency section */
		D9D44DBE2AC97FA50093096A /* PBXTargetDependency */ = {
			isa = PBXTargetDependency;
			target = D9D44DAA2AC97FA20093096A /* Academ */;
			targetProxy = D9D44DBD2AC97FA50093096A /* PBXContainerItemProxy */;
		};
		D9D44DC82AC97FA50093096A /* PBXTargetDependency */ = {
			isa = PBXTargetDependency;
			target = D9D44DAA2AC97FA20093096A /* Academ */;
			targetProxy = D9D44DC72AC97FA50093096A /* PBXContainerItemProxy */;
		};
/* End PBXTargetDependency section */

/* Begin XCBuildConfiguration section */
		D9D44DCE2AC97FA60093096A /* Debug */ = {
			isa = XCBuildConfiguration;
			buildSettings = {
				ALWAYS_SEARCH_USER_PATHS = NO;
				CLANG_ANALYZER_NONNULL = YES;
				CLANG_ANALYZER_NUMBER_OBJECT_CONVERSION = YES_AGGRESSIVE;
				CLANG_CXX_LANGUAGE_STANDARD = "gnu++20";
				CLANG_ENABLE_MODULES = YES;
				CLANG_ENABLE_OBJC_ARC = YES;
				CLANG_ENABLE_OBJC_WEAK = YES;
				CLANG_WARN_BLOCK_CAPTURE_AUTORELEASING = YES;
				CLANG_WARN_BOOL_CONVERSION = YES;
				CLANG_WARN_COMMA = YES;
				CLANG_WARN_CONSTANT_CONVERSION = YES;
				CLANG_WARN_DEPRECATED_OBJC_IMPLEMENTATIONS = YES;
				CLANG_WARN_DIRECT_OBJC_ISA_USAGE = YES_ERROR;
				CLANG_WARN_DOCUMENTATION_COMMENTS = YES;
				CLANG_WARN_EMPTY_BODY = YES;
				CLANG_WARN_ENUM_CONVERSION = YES;
				CLANG_WARN_INFINITE_RECURSION = YES;
				CLANG_WARN_INT_CONVERSION = YES;
				CLANG_WARN_NON_LITERAL_NULL_CONVERSION = YES;
				CLANG_WARN_OBJC_IMPLICIT_RETAIN_SELF = YES;
				CLANG_WARN_OBJC_LITERAL_CONVERSION = YES;
				CLANG_WARN_OBJC_ROOT_CLASS = YES_ERROR;
				CLANG_WARN_QUOTED_INCLUDE_IN_FRAMEWORK_HEADER = YES;
				CLANG_WARN_RANGE_LOOP_ANALYSIS = YES;
				CLANG_WARN_STRICT_PROTOTYPES = YES;
				CLANG_WARN_SUSPICIOUS_MOVE = YES;
				CLANG_WARN_UNGUARDED_AVAILABILITY = YES_AGGRESSIVE;
				CLANG_WARN_UNREACHABLE_CODE = YES;
				CLANG_WARN__DUPLICATE_METHOD_MATCH = YES;
				COPY_PHASE_STRIP = NO;
				DEAD_CODE_STRIPPING = YES;
				DEBUG_INFORMATION_FORMAT = dwarf;
				ENABLE_STRICT_OBJC_MSGSEND = YES;
				ENABLE_TESTABILITY = YES;
				GCC_C_LANGUAGE_STANDARD = gnu11;
				GCC_DYNAMIC_NO_PIC = NO;
				GCC_NO_COMMON_BLOCKS = YES;
				GCC_OPTIMIZATION_LEVEL = 0;
				GCC_PREPROCESSOR_DEFINITIONS = (
					"DEBUG=1",
					"$(inherited)",
				);
				GCC_WARN_64_TO_32_BIT_CONVERSION = YES;
				GCC_WARN_ABOUT_RETURN_TYPE = YES_ERROR;
				GCC_WARN_UNDECLARED_SELECTOR = YES;
				GCC_WARN_UNINITIALIZED_AUTOS = YES_AGGRESSIVE;
				GCC_WARN_UNUSED_FUNCTION = YES;
				GCC_WARN_UNUSED_VARIABLE = YES;
				MACOSX_DEPLOYMENT_TARGET = 12.6;
				MTL_ENABLE_DEBUG_INFO = INCLUDE_SOURCE;
				MTL_FAST_MATH = YES;
				ONLY_ACTIVE_ARCH = YES;
				SDKROOT = macosx;
				SWIFT_ACTIVE_COMPILATION_CONDITIONS = DEBUG;
				SWIFT_OPTIMIZATION_LEVEL = "-Onone";
			};
			name = Debug;
		};
		D9D44DCF2AC97FA60093096A /* Release */ = {
			isa = XCBuildConfiguration;
			buildSettings = {
				ALWAYS_SEARCH_USER_PATHS = NO;
				CLANG_ANALYZER_NONNULL = YES;
				CLANG_ANALYZER_NUMBER_OBJECT_CONVERSION = YES_AGGRESSIVE;
				CLANG_CXX_LANGUAGE_STANDARD = "gnu++20";
				CLANG_ENABLE_MODULES = YES;
				CLANG_ENABLE_OBJC_ARC = YES;
				CLANG_ENABLE_OBJC_WEAK = YES;
				CLANG_WARN_BLOCK_CAPTURE_AUTORELEASING = YES;
				CLANG_WARN_BOOL_CONVERSION = YES;
				CLANG_WARN_COMMA = YES;
				CLANG_WARN_CONSTANT_CONVERSION = YES;
				CLANG_WARN_DEPRECATED_OBJC_IMPLEMENTATIONS = YES;
				CLANG_WARN_DIRECT_OBJC_ISA_USAGE = YES_ERROR;
				CLANG_WARN_DOCUMENTATION_COMMENTS = YES;
				CLANG_WARN_EMPTY_BODY = YES;
				CLANG_WARN_ENUM_CONVERSION = YES;
				CLANG_WARN_INFINITE_RECURSION = YES;
				CLANG_WARN_INT_CONVERSION = YES;
				CLANG_WARN_NON_LITERAL_NULL_CONVERSION = YES;
				CLANG_WARN_OBJC_IMPLICIT_RETAIN_SELF = YES;
				CLANG_WARN_OBJC_LITERAL_CONVERSION = YES;
				CLANG_WARN_OBJC_ROOT_CLASS = YES_ERROR;
				CLANG_WARN_QUOTED_INCLUDE_IN_FRAMEWORK_HEADER = YES;
				CLANG_WARN_RANGE_LOOP_ANALYSIS = YES;
				CLANG_WARN_STRICT_PROTOTYPES = YES;
				CLANG_WARN_SUSPICIOUS_MOVE = YES;
				CLANG_WARN_UNGUARDED_AVAILABILITY = YES_AGGRESSIVE;
				CLANG_WARN_UNREACHABLE_CODE = YES;
				CLANG_WARN__DUPLICATE_METHOD_MATCH = YES;
				COPY_PHASE_STRIP = NO;
				DEAD_CODE_STRIPPING = YES;
				DEBUG_INFORMATION_FORMAT = "dwarf-with-dsym";
				ENABLE_NS_ASSERTIONS = NO;
				ENABLE_STRICT_OBJC_MSGSEND = YES;
				GCC_C_LANGUAGE_STANDARD = gnu11;
				GCC_NO_COMMON_BLOCKS = YES;
				GCC_WARN_64_TO_32_BIT_CONVERSION = YES;
				GCC_WARN_ABOUT_RETURN_TYPE = YES_ERROR;
				GCC_WARN_UNDECLARED_SELECTOR = YES;
				GCC_WARN_UNINITIALIZED_AUTOS = YES_AGGRESSIVE;
				GCC_WARN_UNUSED_FUNCTION = YES;
				GCC_WARN_UNUSED_VARIABLE = YES;
				MACOSX_DEPLOYMENT_TARGET = 12.6;
				MTL_ENABLE_DEBUG_INFO = NO;
				MTL_FAST_MATH = YES;
				SDKROOT = macosx;
				SWIFT_COMPILATION_MODE = wholemodule;
				SWIFT_OPTIMIZATION_LEVEL = "-O";
			};
			name = Release;
		};
		D9D44DD12AC97FA60093096A /* Debug */ = {
			isa = XCBuildConfiguration;
			buildSettings = {
				ASSETCATALOG_COMPILER_APPICON_NAME = AppIcon;
				ASSETCATALOG_COMPILER_GLOBAL_ACCENT_COLOR_NAME = AccentColor;
				CODE_SIGN_ENTITLEMENTS = Academ/Academ.entitlements;
				CODE_SIGN_IDENTITY = "Apple Development";
				CODE_SIGN_STYLE = Automatic;
				COMBINE_HIDPI_IMAGES = YES;
				CURRENT_PROJECT_VERSION = 1;
				DEAD_CODE_STRIPPING = YES;
				DEVELOPMENT_ASSET_PATHS = "\"Academ/Preview Content\"";
				DEVELOPMENT_TEAM = L2DVS926S9;
				ENABLE_HARDENED_RUNTIME = YES;
				ENABLE_PREVIEWS = YES;
				GENERATE_INFOPLIST_FILE = YES;
				INFOPLIST_KEY_LSApplicationCategoryType = "public.app-category.education";
				INFOPLIST_KEY_NSHumanReadableCopyright = "";
				IPHONEOS_DEPLOYMENT_TARGET = 16.2;
				LD_RUNPATH_SEARCH_PATHS = (
					"$(inherited)",
					"@executable_path/../Frameworks",
				);
				MACOSX_DEPLOYMENT_TARGET = 13.0;
				MARKETING_VERSION = 1.0;
				PRODUCT_BUNDLE_IDENTIFIER = sg.tk.Academ;
				PRODUCT_NAME = "$(TARGET_NAME)";
				PROVISIONING_PROFILE_SPECIFIER = "";
				SUPPORTED_PLATFORMS = "iphoneos iphonesimulator";
				SUPPORTS_MACCATALYST = NO;
				SUPPORTS_MAC_DESIGNED_FOR_IPHONE_IPAD = YES;
				SWIFT_EMIT_LOC_STRINGS = YES;
				SWIFT_VERSION = 5.0;
				TARGETED_DEVICE_FAMILY = "1,2";
			};
			name = Debug;
		};
		D9D44DD22AC97FA60093096A /* Release */ = {
			isa = XCBuildConfiguration;
			buildSettings = {
				ASSETCATALOG_COMPILER_APPICON_NAME = AppIcon;
				ASSETCATALOG_COMPILER_GLOBAL_ACCENT_COLOR_NAME = AccentColor;
				CODE_SIGN_ENTITLEMENTS = Academ/Academ.entitlements;
				CODE_SIGN_IDENTITY = "Apple Development";
				CODE_SIGN_STYLE = Automatic;
				COMBINE_HIDPI_IMAGES = YES;
				CURRENT_PROJECT_VERSION = 1;
				DEAD_CODE_STRIPPING = YES;
				DEVELOPMENT_ASSET_PATHS = "\"Academ/Preview Content\"";
				DEVELOPMENT_TEAM = L2DVS926S9;
				ENABLE_HARDENED_RUNTIME = YES;
				ENABLE_PREVIEWS = YES;
				GENERATE_INFOPLIST_FILE = YES;
				INFOPLIST_KEY_LSApplicationCategoryType = "public.app-category.education";
				INFOPLIST_KEY_NSHumanReadableCopyright = "";
				IPHONEOS_DEPLOYMENT_TARGET = 16.2;
				LD_RUNPATH_SEARCH_PATHS = (
					"$(inherited)",
					"@executable_path/../Frameworks",
				);
				MACOSX_DEPLOYMENT_TARGET = 13.0;
				MARKETING_VERSION = 1.0;
				PRODUCT_BUNDLE_IDENTIFIER = sg.tk.Academ;
				PRODUCT_NAME = "$(TARGET_NAME)";
				PROVISIONING_PROFILE_SPECIFIER = "";
				SUPPORTED_PLATFORMS = "iphoneos iphonesimulator";
				SUPPORTS_MACCATALYST = NO;
				SUPPORTS_MAC_DESIGNED_FOR_IPHONE_IPAD = YES;
				SWIFT_EMIT_LOC_STRINGS = YES;
				SWIFT_VERSION = 5.0;
				TARGETED_DEVICE_FAMILY = "1,2";
			};
			name = Release;
		};
		D9D44DD42AC97FA60093096A /* Debug */ = {
			isa = XCBuildConfiguration;
			buildSettings = {
				ALWAYS_EMBED_SWIFT_STANDARD_LIBRARIES = YES;
				BUNDLE_LOADER = "$(TEST_HOST)";
				CODE_SIGN_STYLE = Automatic;
				CURRENT_PROJECT_VERSION = 1;
				DEAD_CODE_STRIPPING = YES;
				GENERATE_INFOPLIST_FILE = YES;
				MACOSX_DEPLOYMENT_TARGET = 12.6;
				MARKETING_VERSION = 1.0;
				PRODUCT_BUNDLE_IDENTIFIER = sg.tk.AcademTests;
				PRODUCT_NAME = "$(TARGET_NAME)";
				SWIFT_EMIT_LOC_STRINGS = NO;
				SWIFT_VERSION = 5.0;
				TEST_HOST = "$(BUILT_PRODUCTS_DIR)/Academ.app/$(BUNDLE_EXECUTABLE_FOLDER_PATH)/Academ";
			};
			name = Debug;
		};
		D9D44DD52AC97FA60093096A /* Release */ = {
			isa = XCBuildConfiguration;
			buildSettings = {
				ALWAYS_EMBED_SWIFT_STANDARD_LIBRARIES = YES;
				BUNDLE_LOADER = "$(TEST_HOST)";
				CODE_SIGN_STYLE = Automatic;
				CURRENT_PROJECT_VERSION = 1;
				DEAD_CODE_STRIPPING = YES;
				GENERATE_INFOPLIST_FILE = YES;
				MACOSX_DEPLOYMENT_TARGET = 12.6;
				MARKETING_VERSION = 1.0;
				PRODUCT_BUNDLE_IDENTIFIER = sg.tk.AcademTests;
				PRODUCT_NAME = "$(TARGET_NAME)";
				SWIFT_EMIT_LOC_STRINGS = NO;
				SWIFT_VERSION = 5.0;
				TEST_HOST = "$(BUILT_PRODUCTS_DIR)/Academ.app/$(BUNDLE_EXECUTABLE_FOLDER_PATH)/Academ";
			};
			name = Release;
		};
		D9D44DD72AC97FA60093096A /* Debug */ = {
			isa = XCBuildConfiguration;
			buildSettings = {
				ALWAYS_EMBED_SWIFT_STANDARD_LIBRARIES = YES;
				CODE_SIGN_STYLE = Automatic;
				CURRENT_PROJECT_VERSION = 1;
				DEAD_CODE_STRIPPING = YES;
				GENERATE_INFOPLIST_FILE = YES;
				MARKETING_VERSION = 1.0;
				PRODUCT_BUNDLE_IDENTIFIER = sg.tk.AcademUITests;
				PRODUCT_NAME = "$(TARGET_NAME)";
				SWIFT_EMIT_LOC_STRINGS = NO;
				SWIFT_VERSION = 5.0;
				TEST_TARGET_NAME = Academ;
			};
			name = Debug;
		};
		D9D44DD82AC97FA60093096A /* Release */ = {
			isa = XCBuildConfiguration;
			buildSettings = {
				ALWAYS_EMBED_SWIFT_STANDARD_LIBRARIES = YES;
				CODE_SIGN_STYLE = Automatic;
				CURRENT_PROJECT_VERSION = 1;
				DEAD_CODE_STRIPPING = YES;
				GENERATE_INFOPLIST_FILE = YES;
				MARKETING_VERSION = 1.0;
				PRODUCT_BUNDLE_IDENTIFIER = sg.tk.AcademUITests;
				PRODUCT_NAME = "$(TARGET_NAME)";
				SWIFT_EMIT_LOC_STRINGS = NO;
				SWIFT_VERSION = 5.0;
				TEST_TARGET_NAME = Academ;
			};
			name = Release;
		};
/* End XCBuildConfiguration section */

/* Begin XCConfigurationList section */
		D9D44DA62AC97FA20093096A /* Build configuration list for PBXProject "Academ" */ = {
			isa = XCConfigurationList;
			buildConfigurations = (
				D9D44DCE2AC97FA60093096A /* Debug */,
				D9D44DCF2AC97FA60093096A /* Release */,
			);
			defaultConfigurationIsVisible = 0;
			defaultConfigurationName = Release;
		};
		D9D44DD02AC97FA60093096A /* Build configuration list for PBXNativeTarget "Academ" */ = {
			isa = XCConfigurationList;
			buildConfigurations = (
				D9D44DD12AC97FA60093096A /* Debug */,
				D9D44DD22AC97FA60093096A /* Release */,
			);
			defaultConfigurationIsVisible = 0;
			defaultConfigurationName = Release;
		};
		D9D44DD32AC97FA60093096A /* Build configuration list for PBXNativeTarget "AcademTests" */ = {
			isa = XCConfigurationList;
			buildConfigurations = (
				D9D44DD42AC97FA60093096A /* Debug */,
				D9D44DD52AC97FA60093096A /* Release */,
			);
			defaultConfigurationIsVisible = 0;
			defaultConfigurationName = Release;
		};
		D9D44DD62AC97FA60093096A /* Build configuration list for PBXNativeTarget "AcademUITests" */ = {
			isa = XCConfigurationList;
			buildConfigurations = (
				D9D44DD72AC97FA60093096A /* Debug */,
				D9D44DD82AC97FA60093096A /* Release */,
			);
			defaultConfigurationIsVisible = 0;
			defaultConfigurationName = Release;
		};
/* End XCConfigurationList section */
	};
	rootObject = D9D44DA32AC97FA20093096A /* Project object */;
}
